// !$*UTF8*$!
{
	archiveVersion = 1;
	classes = {
	};
	objectVersion = 55;
	objects = {

/* Begin PBXBuildFile section */
		418D645E2850B4BE00110288 /* AppDelegate.swift in Sources */ = {isa = PBXBuildFile; fileRef = 418D645D2850B4BE00110288 /* AppDelegate.swift */; };
		418D64602850B4BE00110288 /* SceneDelegate.swift in Sources */ = {isa = PBXBuildFile; fileRef = 418D645F2850B4BE00110288 /* SceneDelegate.swift */; };
		418D64622850B4BE00110288 /* ViewController.swift in Sources */ = {isa = PBXBuildFile; fileRef = 418D64612850B4BE00110288 /* ViewController.swift */; };
		418D64652850B4BE00110288 /* Main.storyboard in Resources */ = {isa = PBXBuildFile; fileRef = 418D64632850B4BE00110288 /* Main.storyboard */; };
		418D64682850B4BE00110288 /* aa.xcdatamodeld in Sources */ = {isa = PBXBuildFile; fileRef = 418D64662850B4BE00110288 /* aa.xcdatamodeld */; };
		418D646A2850B4C100110288 /* Assets.xcassets in Resources */ = {isa = PBXBuildFile; fileRef = 418D64692850B4C100110288 /* Assets.xcassets */; };
		418D646D2850B4C100110288 /* LaunchScreen.storyboard in Resources */ = {isa = PBXBuildFile; fileRef = 418D646B2850B4C100110288 /* LaunchScreen.storyboard */; };
		418D64782850B4C100110288 /* aaTests.swift in Sources */ = {isa = PBXBuildFile; fileRef = 418D64772850B4C100110288 /* aaTests.swift */; };
		418D64822850B4C100110288 /* aaUITests.swift in Sources */ = {isa = PBXBuildFile; fileRef = 418D64812850B4C100110288 /* aaUITests.swift */; };
		418D64842850B4C100110288 /* aaUITestsLaunchTests.swift in Sources */ = {isa = PBXBuildFile; fileRef = 418D64832850B4C100110288 /* aaUITestsLaunchTests.swift */; };
/* End PBXBuildFile section */

/* Begin PBXContainerItemProxy section */
		418D64742850B4C100110288 /* PBXContainerItemProxy */ = {
			isa = PBXContainerItemProxy;
			containerPortal = 418D64522850B4BE00110288 /* Project object */;
			proxyType = 1;
			remoteGlobalIDString = 418D64592850B4BE00110288;
			remoteInfo = aa;
		};
		418D647E2850B4C100110288 /* PBXContainerItemProxy */ = {
			isa = PBXContainerItemProxy;
			containerPortal = 418D64522850B4BE00110288 /* Project object */;
			proxyType = 1;
			remoteGlobalIDString = 418D64592850B4BE00110288;
			remoteInfo = aa;
		};
/* End PBXContainerItemProxy section */

/* Begin PBXFileReference section */
		418D645A2850B4BE00110288 /* aa.app */ = {isa = PBXFileReference; explicitFileType = wrapper.application; includeInIndex = 0; path = aa.app; sourceTree = BUILT_PRODUCTS_DIR; };
		418D645D2850B4BE00110288 /* AppDelegate.swift */ = {isa = PBXFileReference; lastKnownFileType = sourcecode.swift; path = AppDelegate.swift; sourceTree = "<group>"; };
		418D645F2850B4BE00110288 /* SceneDelegate.swift */ = {isa = PBXFileReference; lastKnownFileType = sourcecode.swift; path = SceneDelegate.swift; sourceTree = "<group>"; };
		418D64612850B4BE00110288 /* ViewController.swift */ = {isa = PBXFileReference; lastKnownFileType = sourcecode.swift; path = ViewController.swift; sourceTree = "<group>"; };
		418D64642850B4BE00110288 /* Base */ = {isa = PBXFileReference; lastKnownFileType = file.storyboard; name = Base; path = Base.lproj/Main.storyboard; sourceTree = "<group>"; };
		418D64672850B4BE00110288 /* aa.xcdatamodel */ = {isa = PBXFileReference; lastKnownFileType = wrapper.xcdatamodel; path = aa.xcdatamodel; sourceTree = "<group>"; };
		418D64692850B4C100110288 /* Assets.xcassets */ = {isa = PBXFileReference; lastKnownFileType = folder.assetcatalog; path = Assets.xcassets; sourceTree = "<group>"; };
		418D646C2850B4C100110288 /* Base */ = {isa = PBXFileReference; lastKnownFileType = file.storyboard; name = Base; path = Base.lproj/LaunchScreen.storyboard; sourceTree = "<group>"; };
		418D646E2850B4C100110288 /* Info.plist */ = {isa = PBXFileReference; lastKnownFileType = text.plist.xml; path = Info.plist; sourceTree = "<group>"; };
		418D64732850B4C100110288 /* aaTests.xctest */ = {isa = PBXFileReference; explicitFileType = wrapper.cfbundle; includeInIndex = 0; path = aaTests.xctest; sourceTree = BUILT_PRODUCTS_DIR; };
		418D64772850B4C100110288 /* aaTests.swift */ = {isa = PBXFileReference; lastKnownFileType = sourcecode.swift; path = aaTests.swift; sourceTree = "<group>"; };
		418D647D2850B4C100110288 /* aaUITests.xctest */ = {isa = PBXFileReference; explicitFileType = wrapper.cfbundle; includeInIndex = 0; path = aaUITests.xctest; sourceTree = BUILT_PRODUCTS_DIR; };
		418D64812850B4C100110288 /* aaUITests.swift */ = {isa = PBXFileReference; lastKnownFileType = sourcecode.swift; path = aaUITests.swift; sourceTree = "<group>"; };
		418D64832850B4C100110288 /* aaUITestsLaunchTests.swift */ = {isa = PBXFileReference; lastKnownFileType = sourcecode.swift; path = aaUITestsLaunchTests.swift; sourceTree = "<group>"; };
/* End PBXFileReference section */

/* Begin PBXFrameworksBuildPhase section */
		418D64572850B4BE00110288 /* Frameworks */ = {
			isa = PBXFrameworksBuildPhase;
			buildActionMask = 2147483647;
			files = (
			);
			runOnlyForDeploymentPostprocessing = 0;
		};
		418D64702850B4C100110288 /* Frameworks */ = {
			isa = PBXFrameworksBuildPhase;
			buildActionMask = 2147483647;
			files = (
			);
			runOnlyForDeploymentPostprocessing = 0;
		};
		418D647A2850B4C100110288 /* Frameworks */ = {
			isa = PBXFrameworksBuildPhase;
			buildActionMask = 2147483647;
			files = (
			);
			runOnlyForDeploymentPostprocessing = 0;
		};
/* End PBXFrameworksBuildPhase section */

/* Begin PBXGroup section */
		418D64512850B4BE00110288 = {
			isa = PBXGroup;
			children = (
				418D645C2850B4BE00110288 /* aa */,
				418D64762850B4C100110288 /* aaTests */,
				418D64802850B4C100110288 /* aaUITests */,
				418D645B2850B4BE00110288 /* Products */,
			);
			sourceTree = "<group>";
		};
		418D645B2850B4BE00110288 /* Products */ = {
			isa = PBXGroup;
			children = (
				418D645A2850B4BE00110288 /* aa.app */,
				418D64732850B4C100110288 /* aaTests.xctest */,
				418D647D2850B4C100110288 /* aaUITests.xctest */,
			);
			name = Products;
			sourceTree = "<group>";
		};
		418D645C2850B4BE00110288 /* aa */ = {
			isa = PBXGroup;
			children = (
				418D645D2850B4BE00110288 /* AppDelegate.swift */,
				418D645F2850B4BE00110288 /* SceneDelegate.swift */,
				418D64612850B4BE00110288 /* ViewController.swift */,
				418D64632850B4BE00110288 /* Main.storyboard */,
				418D64692850B4C100110288 /* Assets.xcassets */,
				418D646B2850B4C100110288 /* LaunchScreen.storyboard */,
				418D646E2850B4C100110288 /* Info.plist */,
				418D64662850B4BE00110288 /* aa.xcdatamodeld */,
			);
			path = aa;
			sourceTree = "<group>";
		};
		418D64762850B4C100110288 /* aaTests */ = {
			isa = PBXGroup;
			children = (
				418D64772850B4C100110288 /* aaTests.swift */,
			);
			path = aaTests;
			sourceTree = "<group>";
		};
		418D64802850B4C100110288 /* aaUITests */ = {
			isa = PBXGroup;
			children = (
				418D64812850B4C100110288 /* aaUITests.swift */,
				418D64832850B4C100110288 /* aaUITestsLaunchTests.swift */,
			);
			path = aaUITests;
			sourceTree = "<group>";
		};
/* End PBXGroup section */

/* Begin PBXNativeTarget section */
		418D64592850B4BE00110288 /* aa */ = {
			isa = PBXNativeTarget;
			buildConfigurationList = 418D64872850B4C100110288 /* Build configuration list for PBXNativeTarget "aa" */;
			buildPhases = (
				418D64562850B4BE00110288 /* Sources */,
				418D64572850B4BE00110288 /* Frameworks */,
				418D64582850B4BE00110288 /* Resources */,
			);
			buildRules = (
			);
			dependencies = (
			);
			name = aa;
			productName = aa;
			productReference = 418D645A2850B4BE00110288 /* aa.app */;
			productType = "com.apple.product-type.application";
		};
		418D64722850B4C100110288 /* aaTests */ = {
			isa = PBXNativeTarget;
			buildConfigurationList = 418D648A2850B4C100110288 /* Build configuration list for PBXNativeTarget "aaTests" */;
			buildPhases = (
				418D646F2850B4C100110288 /* Sources */,
				418D64702850B4C100110288 /* Frameworks */,
				418D64712850B4C100110288 /* Resources */,
			);
			buildRules = (
			);
			dependencies = (
				418D64752850B4C100110288 /* PBXTargetDependency */,
			);
			name = aaTests;
			productName = aaTests;
			productReference = 418D64732850B4C100110288 /* aaTests.xctest */;
			productType = "com.apple.product-type.bundle.unit-test";
		};
		418D647C2850B4C100110288 /* aaUITests */ = {
			isa = PBXNativeTarget;
			buildConfigurationList = 418D648D2850B4C100110288 /* Build configuration list for PBXNativeTarget "aaUITests" */;
			buildPhases = (
				418D64792850B4C100110288 /* Sources */,
				418D647A2850B4C100110288 /* Frameworks */,
				418D647B2850B4C100110288 /* Resources */,
			);
			buildRules = (
			);
			dependencies = (
				418D647F2850B4C100110288 /* PBXTargetDependency */,
			);
			name = aaUITests;
			productName = aaUITests;
			productReference = 418D647D2850B4C100110288 /* aaUITests.xctest */;
			productType = "com.apple.product-type.bundle.ui-testing";
		};
/* End PBXNativeTarget section */

/* Begin PBXProject section */
		418D64522850B4BE00110288 /* Project object */ = {
			isa = PBXProject;
			attributes = {
				BuildIndependentTargetsInParallel = 1;
				LastSwiftUpdateCheck = 1330;
				LastUpgradeCheck = 1330;
				TargetAttributes = {
					418D64592850B4BE00110288 = {
						CreatedOnToolsVersion = 13.3.1;
					};
					418D64722850B4C100110288 = {
						CreatedOnToolsVersion = 13.3.1;
						TestTargetID = 418D64592850B4BE00110288;
					};
					418D647C2850B4C100110288 = {
						CreatedOnToolsVersion = 13.3.1;
						TestTargetID = 418D64592850B4BE00110288;
					};
				};
			};
			buildConfigurationList = 418D64552850B4BE00110288 /* Build configuration list for PBXProject "aa" */;
			compatibilityVersion = "Xcode 13.0";
			developmentRegion = en;
			hasScannedForEncodings = 0;
			knownRegions = (
				en,
				Base,
			);
			mainGroup = 418D64512850B4BE00110288;
			productRefGroup = 418D645B2850B4BE00110288 /* Products */;
			projectDirPath = "";
			projectRoot = "";
			targets = (
				418D64592850B4BE00110288 /* aa */,
				418D64722850B4C100110288 /* aaTests */,
				418D647C2850B4C100110288 /* aaUITests */,
			);
		};
/* End PBXProject section */

/* Begin PBXResourcesBuildPhase section */
		418D64582850B4BE00110288 /* Resources */ = {
			isa = PBXResourcesBuildPhase;
			buildActionMask = 2147483647;
			files = (
				418D646D2850B4C100110288 /* LaunchScreen.storyboard in Resources */,
				418D646A2850B4C100110288 /* Assets.xcassets in Resources */,
				418D64652850B4BE00110288 /* Main.storyboard in Resources */,
			);
			runOnlyForDeploymentPostprocessing = 0;
		};
		418D64712850B4C100110288 /* Resources */ = {
			isa = PBXResourcesBuildPhase;
			buildActionMask = 2147483647;
			files = (
			);
			runOnlyForDeploymentPostprocessing = 0;
		};
		418D647B2850B4C100110288 /* Resources */ = {
			isa = PBXResourcesBuildPhase;
			buildActionMask = 2147483647;
			files = (
			);
			runOnlyForDeploymentPostprocessing = 0;
		};
/* End PBXResourcesBuildPhase section */

/* Begin PBXSourcesBuildPhase section */
		418D64562850B4BE00110288 /* Sources */ = {
			isa = PBXSourcesBuildPhase;
			buildActionMask = 2147483647;
			files = (
				418D64622850B4BE00110288 /* ViewController.swift in Sources */,
				418D64682850B4BE00110288 /* aa.xcdatamodeld in Sources */,
				418D645E2850B4BE00110288 /* AppDelegate.swift in Sources */,
				418D64602850B4BE00110288 /* SceneDelegate.swift in Sources */,
			);
			runOnlyForDeploymentPostprocessing = 0;
		};
		418D646F2850B4C100110288 /* Sources */ = {
			isa = PBXSourcesBuildPhase;
			buildActionMask = 2147483647;
			files = (
				418D64782850B4C100110288 /* aaTests.swift in Sources */,
			);
			runOnlyForDeploymentPostprocessing = 0;
		};
		418D64792850B4C100110288 /* Sources */ = {
			isa = PBXSourcesBuildPhase;
			buildActionMask = 2147483647;
			files = (
				418D64842850B4C100110288 /* aaUITestsLaunchTests.swift in Sources */,
				418D64822850B4C100110288 /* aaUITests.swift in Sources */,
			);
			runOnlyForDeploymentPostprocessing = 0;
		};
/* End PBXSourcesBuildPhase section */

/* Begin PBXTargetDependency section */
		418D64752850B4C100110288 /* PBXTargetDependency */ = {
			isa = PBXTargetDependency;
			target = 418D64592850B4BE00110288 /* aa */;
			targetProxy = 418D64742850B4C100110288 /* PBXContainerItemProxy */;
		};
		418D647F2850B4C100110288 /* PBXTargetDependency */ = {
			isa = PBXTargetDependency;
			target = 418D64592850B4BE00110288 /* aa */;
			targetProxy = 418D647E2850B4C100110288 /* PBXContainerItemProxy */;
		};
/* End PBXTargetDependency section */

/* Begin PBXVariantGroup section */
		418D64632850B4BE00110288 /* Main.storyboard */ = {
			isa = PBXVariantGroup;
			children = (
				418D64642850B4BE00110288 /* Base */,
			);
			name = Main.storyboard;
			sourceTree = "<group>";
		};
		418D646B2850B4C100110288 /* LaunchScreen.storyboard */ = {
			isa = PBXVariantGroup;
			children = (
				418D646C2850B4C100110288 /* Base */,
			);
			name = LaunchScreen.storyboard;
			sourceTree = "<group>";
		};
/* End PBXVariantGroup section */

/* Begin XCBuildConfiguration section */
		418D64852850B4C100110288 /* Debug */ = {
			isa = XCBuildConfiguration;
			buildSettings = {
				ALWAYS_SEARCH_USER_PATHS = NO;
				CLANG_ANALYZER_NONNULL = YES;
				CLANG_ANALYZER_NUMBER_OBJECT_CONVERSION = YES_AGGRESSIVE;
				CLANG_CXX_LANGUAGE_STANDARD = "gnu++17";
				CLANG_ENABLE_MODULES = YES;
				CLANG_ENABLE_OBJC_ARC = YES;
				CLANG_ENABLE_OBJC_WEAK = YES;
				CLANG_WARN_BLOCK_CAPTURE_AUTORELEASING = YES;
				CLANG_WARN_BOOL_CONVERSION = YES;
				CLANG_WARN_COMMA = YES;
				CLANG_WARN_CONSTANT_CONVERSION = YES;
				CLANG_WARN_DEPRECATED_OBJC_IMPLEMENTATIONS = YES;
				CLANG_WARN_DIRECT_OBJC_ISA_USAGE = YES_ERROR;
				CLANG_WARN_DOCUMENTATION_COMMENTS = YES;
				CLANG_WARN_EMPTY_BODY = YES;
				CLANG_WARN_ENUM_CONVERSION = YES;
				CLANG_WARN_INFINITE_RECURSION = YES;
				CLANG_WARN_INT_CONVERSION = YES;
				CLANG_WARN_NON_LITERAL_NULL_CONVERSION = YES;
				CLANG_WARN_OBJC_IMPLICIT_RETAIN_SELF = YES;
				CLANG_WARN_OBJC_LITERAL_CONVERSION = YES;
				CLANG_WARN_OBJC_ROOT_CLASS = YES_ERROR;
				CLANG_WARN_QUOTED_INCLUDE_IN_FRAMEWORK_HEADER = YES;
				CLANG_WARN_RANGE_LOOP_ANALYSIS = YES;
				CLANG_WARN_STRICT_PROTOTYPES = YES;
				CLANG_WARN_SUSPICIOUS_MOVE = YES;
				CLANG_WARN_UNGUARDED_AVAILABILITY = YES_AGGRESSIVE;
				CLANG_WARN_UNREACHABLE_CODE = YES;
				CLANG_WARN__DUPLICATE_METHOD_MATCH = YES;
				COPY_PHASE_STRIP = NO;
				DEBUG_INFORMATION_FORMAT = dwarf;
				ENABLE_STRICT_OBJC_MSGSEND = YES;
				ENABLE_TESTABILITY = YES;
				GCC_C_LANGUAGE_STANDARD = gnu11;
				GCC_DYNAMIC_NO_PIC = NO;
				GCC_NO_COMMON_BLOCKS = YES;
				GCC_OPTIMIZATION_LEVEL = 0;
				GCC_PREPROCESSOR_DEFINITIONS = (
					"DEBUG=1",
					"$(inherited)",
				);
				GCC_WARN_64_TO_32_BIT_CONVERSION = YES;
				GCC_WARN_ABOUT_RETURN_TYPE = YES_ERROR;
				GCC_WARN_UNDECLARED_SELECTOR = YES;
				GCC_WARN_UNINITIALIZED_AUTOS = YES_AGGRESSIVE;
				GCC_WARN_UNUSED_FUNCTION = YES;
				GCC_WARN_UNUSED_VARIABLE = YES;
				IPHONEOS_DEPLOYMENT_TARGET = 15.4;
				MTL_ENABLE_DEBUG_INFO = INCLUDE_SOURCE;
				MTL_FAST_MATH = YES;
				ONLY_ACTIVE_ARCH = YES;
				SDKROOT = iphoneos;
				SWIFT_ACTIVE_COMPILATION_CONDITIONS = DEBUG;
				SWIFT_OPTIMIZATION_LEVEL = "-Onone";
			};
			name = Debug;
		};
		418D64862850B4C100110288 /* Release */ = {
			isa = XCBuildConfiguration;
			buildSettings = {
				ALWAYS_SEARCH_USER_PATHS = NO;
				CLANG_ANALYZER_NONNULL = YES;
				CLANG_ANALYZER_NUMBER_OBJECT_CONVERSION = YES_AGGRESSIVE;
				CLANG_CXX_LANGUAGE_STANDARD = "gnu++17";
				CLANG_ENABLE_MODULES = YES;
				CLANG_ENABLE_OBJC_ARC = YES;
				CLANG_ENABLE_OBJC_WEAK = YES;
				CLANG_WARN_BLOCK_CAPTURE_AUTORELEASING = YES;
				CLANG_WARN_BOOL_CONVERSION = YES;
				CLANG_WARN_COMMA = YES;
				CLANG_WARN_CONSTANT_CONVERSION = YES;
				CLANG_WARN_DEPRECATED_OBJC_IMPLEMENTATIONS = YES;
				CLANG_WARN_DIRECT_OBJC_ISA_USAGE = YES_ERROR;
				CLANG_WARN_DOCUMENTATION_COMMENTS = YES;
				CLANG_WARN_EMPTY_BODY = YES;
				CLANG_WARN_ENUM_CONVERSION = YES;
				CLANG_WARN_INFINITE_RECURSION = YES;
				CLANG_WARN_INT_CONVERSION = YES;
				CLANG_WARN_NON_LITERAL_NULL_CONVERSION = YES;
				CLANG_WARN_OBJC_IMPLICIT_RETAIN_SELF = YES;
				CLANG_WARN_OBJC_LITERAL_CONVERSION = YES;
				CLANG_WARN_OBJC_ROOT_CLASS = YES_ERROR;
				CLANG_WARN_QUOTED_INCLUDE_IN_FRAMEWORK_HEADER = YES;
				CLANG_WARN_RANGE_LOOP_ANALYSIS = YES;
				CLANG_WARN_STRICT_PROTOTYPES = YES;
				CLANG_WARN_SUSPICIOUS_MOVE = YES;
				CLANG_WARN_UNGUARDED_AVAILABILITY = YES_AGGRESSIVE;
				CLANG_WARN_UNREACHABLE_CODE = YES;
				CLANG_WARN__DUPLICATE_METHOD_MATCH = YES;
				COPY_PHASE_STRIP = NO;
				DEBUG_INFORMATION_FORMAT = "dwarf-with-dsym";
				ENABLE_NS_ASSERTIONS = NO;
				ENABLE_STRICT_OBJC_MSGSEND = YES;
				GCC_C_LANGUAGE_STANDARD = gnu11;
				GCC_NO_COMMON_BLOCKS = YES;
				GCC_WARN_64_TO_32_BIT_CONVERSION = YES;
				GCC_WARN_ABOUT_RETURN_TYPE = YES_ERROR;
				GCC_WARN_UNDECLARED_SELECTOR = YES;
				GCC_WARN_UNINITIALIZED_AUTOS = YES_AGGRESSIVE;
				GCC_WARN_UNUSED_FUNCTION = YES;
				GCC_WARN_UNUSED_VARIABLE = YES;
				IPHONEOS_DEPLOYMENT_TARGET = 15.4;
				MTL_ENABLE_DEBUG_INFO = NO;
				MTL_FAST_MATH = YES;
				SDKROOT = iphoneos;
				SWIFT_COMPILATION_MODE = wholemodule;
				SWIFT_OPTIMIZATION_LEVEL = "-O";
				VALIDATE_PRODUCT = YES;
			};
			name = Release;
		};
		418D64882850B4C100110288 /* Debug */ = {
			isa = XCBuildConfiguration;
			buildSettings = {
				ASSETCATALOG_COMPILER_APPICON_NAME = AppIcon;
				ASSETCATALOG_COMPILER_GLOBAL_ACCENT_COLOR_NAME = AccentColor;
				CODE_SIGN_STYLE = Automatic;
				CURRENT_PROJECT_VERSION = 1;
				GENERATE_INFOPLIST_FILE = YES;
				INFOPLIST_FILE = aa/Info.plist;
				INFOPLIST_KEY_UIApplicationSupportsIndirectInputEvents = YES;
				INFOPLIST_KEY_UILaunchStoryboardName = LaunchScreen;
				INFOPLIST_KEY_UIMainStoryboardFile = Main;
				INFOPLIST_KEY_UISupportedInterfaceOrientations_iPad = "UIInterfaceOrientationPortrait UIInterfaceOrientationPortraitUpsideDown UIInterfaceOrientationLandscapeLeft UIInterfaceOrientationLandscapeRight";
				INFOPLIST_KEY_UISupportedInterfaceOrientations_iPhone = "UIInterfaceOrientationPortrait UIInterfaceOrientationLandscapeLeft UIInterfaceOrientationLandscapeRight";
				LD_RUNPATH_SEARCH_PATHS = (
					"$(inherited)",
					"@executable_path/Frameworks",
				);
				MARKETING_VERSION = 1.0;
				PRODUCT_BUNDLE_IDENTIFIER = iti.aa;
				PRODUCT_NAME = "$(TARGET_NAME)";
				SWIFT_EMIT_LOC_STRINGS = YES;
				SWIFT_VERSION = 5.0;
				TARGETED_DEVICE_FAMILY = "1,2";
			};
			name = Debug;
		};
		418D64892850B4C100110288 /* Release */ = {
			isa = XCBuildConfiguration;
			buildSettings = {
				ASSETCATALOG_COMPILER_APPICON_NAME = AppIcon;
				ASSETCATALOG_COMPILER_GLOBAL_ACCENT_COLOR_NAME = AccentColor;
				CODE_SIGN_STYLE = Automatic;
				CURRENT_PROJECT_VERSION = 1;
				GENERATE_INFOPLIST_FILE = YES;
				INFOPLIST_FILE = aa/Info.plist;
				INFOPLIST_KEY_UIApplicationSupportsIndirectInputEvents = YES;
				INFOPLIST_KEY_UILaunchStoryboardName = LaunchScreen;
				INFOPLIST_KEY_UIMainStoryboardFile = Main;
				INFOPLIST_KEY_UISupportedInterfaceOrientations_iPad = "UIInterfaceOrientationPortrait UIInterfaceOrientationPortraitUpsideDown UIInterfaceOrientationLandscapeLeft UIInterfaceOrientationLandscapeRight";
				INFOPLIST_KEY_UISupportedInterfaceOrientations_iPhone = "UIInterfaceOrientationPortrait UIInterfaceOrientationLandscapeLeft UIInterfaceOrientationLandscapeRight";
				LD_RUNPATH_SEARCH_PATHS = (
					"$(inherited)",
					"@executable_path/Frameworks",
				);
				MARKETING_VERSION = 1.0;
				PRODUCT_BUNDLE_IDENTIFIER = iti.aa;
				PRODUCT_NAME = "$(TARGET_NAME)";
				SWIFT_EMIT_LOC_STRINGS = YES;
				SWIFT_VERSION = 5.0;
				TARGETED_DEVICE_FAMILY = "1,2";
			};
			name = Release;
		};
		418D648B2850B4C100110288 /* Debug */ = {
			isa = XCBuildConfiguration;
			buildSettings = {
				ALWAYS_EMBED_SWIFT_STANDARD_LIBRARIES = YES;
				BUNDLE_LOADER = "$(TEST_HOST)";
				CODE_SIGN_STYLE = Automatic;
				CURRENT_PROJECT_VERSION = 1;
				GENERATE_INFOPLIST_FILE = YES;
				IPHONEOS_DEPLOYMENT_TARGET = 15.4;
				MARKETING_VERSION = 1.0;
				PRODUCT_BUNDLE_IDENTIFIER = iti.aaTests;
				PRODUCT_NAME = "$(TARGET_NAME)";
				SWIFT_EMIT_LOC_STRINGS = NO;
				SWIFT_VERSION = 5.0;
				TARGETED_DEVICE_FAMILY = "1,2";
				TEST_HOST = "$(BUILT_PRODUCTS_DIR)/aa.app/aa";
			};
			name = Debug;
		};
		418D648C2850B4C100110288 /* Release */ = {
			isa = XCBuildConfiguration;
			buildSettings = {
				ALWAYS_EMBED_SWIFT_STANDARD_LIBRARIES = YES;
				BUNDLE_LOADER = "$(TEST_HOST)";
				CODE_SIGN_STYLE = Automatic;
				CURRENT_PROJECT_VERSION = 1;
				GENERATE_INFOPLIST_FILE = YES;
				IPHONEOS_DEPLOYMENT_TARGET = 15.4;
				MARKETING_VERSION = 1.0;
				PRODUCT_BUNDLE_IDENTIFIER = iti.aaTests;
				PRODUCT_NAME = "$(TARGET_NAME)";
				SWIFT_EMIT_LOC_STRINGS = NO;
				SWIFT_VERSION = 5.0;
				TARGETED_DEVICE_FAMILY = "1,2";
				TEST_HOST = "$(BUILT_PRODUCTS_DIR)/aa.app/aa";
			};
			name = Release;
		};
		418D648E2850B4C100110288 /* Debug */ = {
			isa = XCBuildConfiguration;
			buildSettings = {
				ALWAYS_EMBED_SWIFT_STANDARD_LIBRARIES = YES;
				CODE_SIGN_STYLE = Automatic;
				CURRENT_PROJECT_VERSION = 1;
				GENERATE_INFOPLIST_FILE = YES;
				MARKETING_VERSION = 1.0;
				PRODUCT_BUNDLE_IDENTIFIER = iti.aaUITests;
				PRODUCT_NAME = "$(TARGET_NAME)";
				SWIFT_EMIT_LOC_STRINGS = NO;
				SWIFT_VERSION = 5.0;
				TARGETED_DEVICE_FAMILY = "1,2";
				TEST_TARGET_NAME = aa;
			};
			name = Debug;
		};
		418D648F2850B4C100110288 /* Release */ = {
			isa = XCBuildConfiguration;
			buildSettings = {
				ALWAYS_EMBED_SWIFT_STANDARD_LIBRARIES = YES;
				CODE_SIGN_STYLE = Automatic;
				CURRENT_PROJECT_VERSION = 1;
				GENERATE_INFOPLIST_FILE = YES;
				MARKETING_VERSION = 1.0;
				PRODUCT_BUNDLE_IDENTIFIER = iti.aaUITests;
				PRODUCT_NAME = "$(TARGET_NAME)";
				SWIFT_EMIT_LOC_STRINGS = NO;
				SWIFT_VERSION = 5.0;
				TARGETED_DEVICE_FAMILY = "1,2";
				TEST_TARGET_NAME = aa;
			};
			name = Release;
		};
/* End XCBuildConfiguration section */

/* Begin XCConfigurationList section */
		418D64552850B4BE00110288 /* Build configuration list for PBXProject "aa" */ = {
			isa = XCConfigurationList;
			buildConfigurations = (
				418D64852850B4C100110288 /* Debug */,
				418D64862850B4C100110288 /* Release */,
			);
			defaultConfigurationIsVisible = 0;
			defaultConfigurationName = Release;
		};
		418D64872850B4C100110288 /* Build configuration list for PBXNativeTarget "aa" */ = {
			isa = XCConfigurationList;
			buildConfigurations = (
				418D64882850B4C100110288 /* Debug */,
				418D64892850B4C100110288 /* Release */,
			);
			defaultConfigurationIsVisible = 0;
			defaultConfigurationName = Release;
		};
		418D648A2850B4C100110288 /* Build configuration list for PBXNativeTarget "aaTests" */ = {
			isa = XCConfigurationList;
			buildConfigurations = (
				418D648B2850B4C100110288 /* Debug */,
				418D648C2850B4C100110288 /* Release */,
			);
			defaultConfigurationIsVisible = 0;
			defaultConfigurationName = Release;
		};
		418D648D2850B4C100110288 /* Build configuration list for PBXNativeTarget "aaUITests" */ = {
			isa = XCConfigurationList;
			buildConfigurations = (
				418D648E2850B4C100110288 /* Debug */,
				418D648F2850B4C100110288 /* Release */,
			);
			defaultConfigurationIsVisible = 0;
			defaultConfigurationName = Release;
		};
/* End XCConfigurationList section */

/* Begin XCVersionGroup section */
		418D64662850B4BE00110288 /* aa.xcdatamodeld */ = {
			isa = XCVersionGroup;
			children = (
				418D64672850B4BE00110288 /* aa.xcdatamodel */,
			);
			currentVersion = 418D64672850B4BE00110288 /* aa.xcdatamodel */;
			path = aa.xcdatamodeld;
			sourceTree = "<group>";
			versionGroupType = wrapper.xcdatamodel;
		};
/* End XCVersionGroup section */
	};
	rootObject = 418D64522850B4BE00110288 /* Project object */;
}
